// !$*UTF8*$!
{
	archiveVersion = 1;
	classes = {
	};
	objectVersion = 55;
	objects = {

/* Begin PBXBuildFile section */
		A915F18E28A7E58900486B4F /* CustomScrollView.swift in Sources */ = {isa = PBXBuildFile; fileRef = A915F18D28A7E58900486B4F /* CustomScrollView.swift */; };
		A915F19028A7E73400486B4F /* ScrollImageViewController.swift in Sources */ = {isa = PBXBuildFile; fileRef = A915F18F28A7E73400486B4F /* ScrollImageViewController.swift */; };
		A98DB8A628A6574A00BF9423 /* AppDelegate.swift in Sources */ = {isa = PBXBuildFile; fileRef = A98DB8A528A6574A00BF9423 /* AppDelegate.swift */; };
		A98DB8A828A6574A00BF9423 /* SceneDelegate.swift in Sources */ = {isa = PBXBuildFile; fileRef = A98DB8A728A6574A00BF9423 /* SceneDelegate.swift */; };
		A98DB8AA28A6574A00BF9423 /* ViewController.swift in Sources */ = {isa = PBXBuildFile; fileRef = A98DB8A928A6574A00BF9423 /* ViewController.swift */; };
		A98DB8AF28A6574C00BF9423 /* Assets.xcassets in Resources */ = {isa = PBXBuildFile; fileRef = A98DB8AE28A6574C00BF9423 /* Assets.xcassets */; };
		A98DB8B228A6574C00BF9423 /* LaunchScreen.storyboard in Resources */ = {isa = PBXBuildFile; fileRef = A98DB8B028A6574C00BF9423 /* LaunchScreen.storyboard */; };
		A98DB8BA28A680A400BF9423 /* CustomCollectionViewCell.swift in Sources */ = {isa = PBXBuildFile; fileRef = A98DB8B928A680A400BF9423 /* CustomCollectionViewCell.swift */; };
		A9DB066D28A71C8C004912A4 /* URLSessionManager.swift in Sources */ = {isa = PBXBuildFile; fileRef = A9DB066C28A71C8C004912A4 /* URLSessionManager.swift */; };
/* End PBXBuildFile section */

/* Begin PBXFileReference section */
		A915F18D28A7E58900486B4F /* CustomScrollView.swift */ = {isa = PBXFileReference; lastKnownFileType = sourcecode.swift; path = CustomScrollView.swift; sourceTree = "<group>"; };
		A915F18F28A7E73400486B4F /* ScrollImageViewController.swift */ = {isa = PBXFileReference; lastKnownFileType = sourcecode.swift; path = ScrollImageViewController.swift; sourceTree = "<group>"; };
		A98DB8A228A6574A00BF9423 /* piscineDay03.app */ = {isa = PBXFileReference; explicitFileType = wrapper.application; includeInIndex = 0; path = piscineDay03.app; sourceTree = BUILT_PRODUCTS_DIR; };
		A98DB8A528A6574A00BF9423 /* AppDelegate.swift */ = {isa = PBXFileReference; lastKnownFileType = sourcecode.swift; path = AppDelegate.swift; sourceTree = "<group>"; };
		A98DB8A728A6574A00BF9423 /* SceneDelegate.swift */ = {isa = PBXFileReference; lastKnownFileType = sourcecode.swift; path = SceneDelegate.swift; sourceTree = "<group>"; };
		A98DB8A928A6574A00BF9423 /* ViewController.swift */ = {isa = PBXFileReference; lastKnownFileType = sourcecode.swift; path = ViewController.swift; sourceTree = "<group>"; };
		A98DB8AE28A6574C00BF9423 /* Assets.xcassets */ = {isa = PBXFileReference; lastKnownFileType = folder.assetcatalog; path = Assets.xcassets; sourceTree = "<group>"; };
		A98DB8B128A6574C00BF9423 /* Base */ = {isa = PBXFileReference; lastKnownFileType = file.storyboard; name = Base; path = Base.lproj/LaunchScreen.storyboard; sourceTree = "<group>"; };
		A98DB8B328A6574C00BF9423 /* Info.plist */ = {isa = PBXFileReference; lastKnownFileType = text.plist.xml; path = Info.plist; sourceTree = "<group>"; };
		A98DB8B928A680A400BF9423 /* CustomCollectionViewCell.swift */ = {isa = PBXFileReference; lastKnownFileType = sourcecode.swift; path = CustomCollectionViewCell.swift; sourceTree = "<group>"; };
		A9DB066C28A71C8C004912A4 /* URLSessionManager.swift */ = {isa = PBXFileReference; lastKnownFileType = sourcecode.swift; path = URLSessionManager.swift; sourceTree = "<group>"; };
/* End PBXFileReference section */

/* Begin PBXFrameworksBuildPhase section */
		A98DB89F28A6574A00BF9423 /* Frameworks */ = {
			isa = PBXFrameworksBuildPhase;
			buildActionMask = 2147483647;
			files = (
			);
			runOnlyForDeploymentPostprocessing = 0;
		};
/* End PBXFrameworksBuildPhase section */

/* Begin PBXGroup section */
		A98DB89928A6574A00BF9423 = {
			isa = PBXGroup;
			children = (
				A98DB8A428A6574A00BF9423 /* piscineDay03 */,
				A98DB8A328A6574A00BF9423 /* Products */,
			);
			sourceTree = "<group>";
		};
		A98DB8A328A6574A00BF9423 /* Products */ = {
			isa = PBXGroup;
			children = (
				A98DB8A228A6574A00BF9423 /* piscineDay03.app */,
			);
			name = Products;
			sourceTree = "<group>";
		};
		A98DB8A428A6574A00BF9423 /* piscineDay03 */ = {
			isa = PBXGroup;
			children = (
				A98DB8A528A6574A00BF9423 /* AppDelegate.swift */,
				A98DB8A728A6574A00BF9423 /* SceneDelegate.swift */,
				A9DB066C28A71C8C004912A4 /* URLSessionManager.swift */,
				A98DB8B928A680A400BF9423 /* CustomCollectionViewCell.swift */,
				A98DB8A928A6574A00BF9423 /* ViewController.swift */,
				A915F18D28A7E58900486B4F /* CustomScrollView.swift */,
				A915F18F28A7E73400486B4F /* ScrollImageViewController.swift */,
				A98DB8AE28A6574C00BF9423 /* Assets.xcassets */,
				A98DB8B028A6574C00BF9423 /* LaunchScreen.storyboard */,
				A98DB8B328A6574C00BF9423 /* Info.plist */,
			);
			path = piscineDay03;
			sourceTree = "<group>";
		};
/* End PBXGroup section */

/* Begin PBXNativeTarget section */
		A98DB8A128A6574A00BF9423 /* piscineDay03 */ = {
			isa = PBXNativeTarget;
			buildConfigurationList = A98DB8B628A6574C00BF9423 /* Build configuration list for PBXNativeTarget "piscineDay03" */;
			buildPhases = (
				A98DB89E28A6574A00BF9423 /* Sources */,
				A98DB89F28A6574A00BF9423 /* Frameworks */,
				A98DB8A028A6574A00BF9423 /* Resources */,
			);
			buildRules = (
			);
			dependencies = (
			);
			name = piscineDay03;
			productName = piscineDay03;
			productReference = A98DB8A228A6574A00BF9423 /* piscineDay03.app */;
			productType = "com.apple.product-type.application";
		};
/* End PBXNativeTarget section */

/* Begin PBXProject section */
		A98DB89A28A6574A00BF9423 /* Project object */ = {
			isa = PBXProject;
			attributes = {
				BuildIndependentTargetsInParallel = 1;
				LastSwiftUpdateCheck = 1340;
				LastUpgradeCheck = 1340;
				TargetAttributes = {
					A98DB8A128A6574A00BF9423 = {
						CreatedOnToolsVersion = 13.4.1;
					};
				};
			};
			buildConfigurationList = A98DB89D28A6574A00BF9423 /* Build configuration list for PBXProject "piscineDay03" */;
			compatibilityVersion = "Xcode 13.0";
			developmentRegion = en;
			hasScannedForEncodings = 0;
			knownRegions = (
				en,
				Base,
			);
			mainGroup = A98DB89928A6574A00BF9423;
			productRefGroup = A98DB8A328A6574A00BF9423 /* Products */;
			projectDirPath = "";
			projectRoot = "";
			targets = (
				A98DB8A128A6574A00BF9423 /* piscineDay03 */,
			);
		};
/* End PBXProject section */

/* Begin PBXResourcesBuildPhase section */
		A98DB8A028A6574A00BF9423 /* Resources */ = {
			isa = PBXResourcesBuildPhase;
			buildActionMask = 2147483647;
			files = (
				A98DB8B228A6574C00BF9423 /* LaunchScreen.storyboard in Resources */,
				A98DB8AF28A6574C00BF9423 /* Assets.xcassets in Resources */,
			);
			runOnlyForDeploymentPostprocessing = 0;
		};
/* End PBXResourcesBuildPhase section */

/* Begin PBXSourcesBuildPhase section */
		A98DB89E28A6574A00BF9423 /* Sources */ = {
			isa = PBXSourcesBuildPhase;
			buildActionMask = 2147483647;
			files = (
				A98DB8AA28A6574A00BF9423 /* ViewController.swift in Sources */,
				A9DB066D28A71C8C004912A4 /* URLSessionManager.swift in Sources */,
				A915F18E28A7E58900486B4F /* CustomScrollView.swift in Sources */,
				A915F19028A7E73400486B4F /* ScrollImageViewController.swift in Sources */,
				A98DB8A628A6574A00BF9423 /* AppDelegate.swift in Sources */,
				A98DB8A828A6574A00BF9423 /* SceneDelegate.swift in Sources */,
				A98DB8BA28A680A400BF9423 /* CustomCollectionViewCell.swift in Sources */,
			);
			runOnlyForDeploymentPostprocessing = 0;
		};
/* End PBXSourcesBuildPhase section */

/* Begin PBXVariantGroup section */
		A98DB8B028A6574C00BF9423 /* LaunchScreen.storyboard */ = {
			isa = PBXVariantGroup;
			children = (
				A98DB8B128A6574C00BF9423 /* Base */,
			);
			name = LaunchScreen.storyboard;
			sourceTree = "<group>";
		};
/* End PBXVariantGroup section */

/* Begin XCBuildConfiguration section */
		A98DB8B428A6574C00BF9423 /* Debug */ = {
			isa = XCBuildConfiguration;
			buildSettings = {
				ALWAYS_SEARCH_USER_PATHS = NO;
				CLANG_ANALYZER_NONNULL = YES;
				CLANG_ANALYZER_NUMBER_OBJECT_CONVERSION = YES_AGGRESSIVE;
				CLANG_CXX_LANGUAGE_STANDARD = "gnu++17";
				CLANG_ENABLE_MODULES = YES;
				CLANG_ENABLE_OBJC_ARC = YES;
				CLANG_ENABLE_OBJC_WEAK = YES;
				CLANG_WARN_BLOCK_CAPTURE_AUTORELEASING = YES;
				CLANG_WARN_BOOL_CONVERSION = YES;
				CLANG_WARN_COMMA = YES;
				CLANG_WARN_CONSTANT_CONVERSION = YES;
				CLANG_WARN_DEPRECATED_OBJC_IMPLEMENTATIONS = YES;
				CLANG_WARN_DIRECT_OBJC_ISA_USAGE = YES_ERROR;
				CLANG_WARN_DOCUMENTATION_COMMENTS = YES;
				CLANG_WARN_EMPTY_BODY = YES;
				CLANG_WARN_ENUM_CONVERSION = YES;
				CLANG_WARN_INFINITE_RECURSION = YES;
				CLANG_WARN_INT_CONVERSION = YES;
				CLANG_WARN_NON_LITERAL_NULL_CONVERSION = YES;
				CLANG_WARN_OBJC_IMPLICIT_RETAIN_SELF = YES;
				CLANG_WARN_OBJC_LITERAL_CONVERSION = YES;
				CLANG_WARN_OBJC_ROOT_CLASS = YES_ERROR;
				CLANG_WARN_QUOTED_INCLUDE_IN_FRAMEWORK_HEADER = YES;
				CLANG_WARN_RANGE_LOOP_ANALYSIS = YES;
				CLANG_WARN_STRICT_PROTOTYPES = YES;
				CLANG_WARN_SUSPICIOUS_MOVE = YES;
				CLANG_WARN_UNGUARDED_AVAILABILITY = YES_AGGRESSIVE;
				CLANG_WARN_UNREACHABLE_CODE = YES;
				CLANG_WARN__DUPLICATE_METHOD_MATCH = YES;
				COPY_PHASE_STRIP = NO;
				DEBUG_INFORMATION_FORMAT = dwarf;
				ENABLE_STRICT_OBJC_MSGSEND = YES;
				ENABLE_TESTABILITY = YES;
				GCC_C_LANGUAGE_STANDARD = gnu11;
				GCC_DYNAMIC_NO_PIC = NO;
				GCC_NO_COMMON_BLOCKS = YES;
				GCC_OPTIMIZATION_LEVEL = 0;
				GCC_PREPROCESSOR_DEFINITIONS = (
					"DEBUG=1",
					"$(inherited)",
				);
				GCC_WARN_64_TO_32_BIT_CONVERSION = YES;
				GCC_WARN_ABOUT_RETURN_TYPE = YES_ERROR;
				GCC_WARN_UNDECLARED_SELECTOR = YES;
				GCC_WARN_UNINITIALIZED_AUTOS = YES_AGGRESSIVE;
				GCC_WARN_UNUSED_FUNCTION = YES;
				GCC_WARN_UNUSED_VARIABLE = YES;
				IPHONEOS_DEPLOYMENT_TARGET = 15.5;
				MTL_ENABLE_DEBUG_INFO = INCLUDE_SOURCE;
				MTL_FAST_MATH = YES;
				ONLY_ACTIVE_ARCH = YES;
				SDKROOT = iphoneos;
				SWIFT_ACTIVE_COMPILATION_CONDITIONS = DEBUG;
				SWIFT_OPTIMIZATION_LEVEL = "-Onone";
			};
			name = Debug;
		};
		A98DB8B528A6574C00BF9423 /* Release */ = {
			isa = XCBuildConfiguration;
			buildSettings = {
				ALWAYS_SEARCH_USER_PATHS = NO;
				CLANG_ANALYZER_NONNULL = YES;
				CLANG_ANALYZER_NUMBER_OBJECT_CONVERSION = YES_AGGRESSIVE;
				CLANG_CXX_LANGUAGE_STANDARD = "gnu++17";
				CLANG_ENABLE_MODULES = YES;
				CLANG_ENABLE_OBJC_ARC = YES;
				CLANG_ENABLE_OBJC_WEAK = YES;
				CLANG_WARN_BLOCK_CAPTURE_AUTORELEASING = YES;
				CLANG_WARN_BOOL_CONVERSION = YES;
				CLANG_WARN_COMMA = YES;
				CLANG_WARN_CONSTANT_CONVERSION = YES;
				CLANG_WARN_DEPRECATED_OBJC_IMPLEMENTATIONS = YES;
				CLANG_WARN_DIRECT_OBJC_ISA_USAGE = YES_ERROR;
				CLANG_WARN_DOCUMENTATION_COMMENTS = YES;
				CLANG_WARN_EMPTY_BODY = YES;
				CLANG_WARN_ENUM_CONVERSION = YES;
				CLANG_WARN_INFINITE_RECURSION = YES;
				CLANG_WARN_INT_CONVERSION = YES;
				CLANG_WARN_NON_LITERAL_NULL_CONVERSION = YES;
				CLANG_WARN_OBJC_IMPLICIT_RETAIN_SELF = YES;
				CLANG_WARN_OBJC_LITERAL_CONVERSION = YES;
				CLANG_WARN_OBJC_ROOT_CLASS = YES_ERROR;
				CLANG_WARN_QUOTED_INCLUDE_IN_FRAMEWORK_HEADER = YES;
				CLANG_WARN_RANGE_LOOP_ANALYSIS = YES;
				CLANG_WARN_STRICT_PROTOTYPES = YES;
				CLANG_WARN_SUSPICIOUS_MOVE = YES;
				CLANG_WARN_UNGUARDED_AVAILABILITY = YES_AGGRESSIVE;
				CLANG_WARN_UNREACHABLE_CODE = YES;
				CLANG_WARN__DUPLICATE_METHOD_MATCH = YES;
				COPY_PHASE_STRIP = NO;
				DEBUG_INFORMATION_FORMAT = "dwarf-with-dsym";
				ENABLE_NS_ASSERTIONS = NO;
				ENABLE_STRICT_OBJC_MSGSEND = YES;
				GCC_C_LANGUAGE_STANDARD = gnu11;
				GCC_NO_COMMON_BLOCKS = YES;
				GCC_WARN_64_TO_32_BIT_CONVERSION = YES;
				GCC_WARN_ABOUT_RETURN_TYPE = YES_ERROR;
				GCC_WARN_UNDECLARED_SELECTOR = YES;
				GCC_WARN_UNINITIALIZED_AUTOS = YES_AGGRESSIVE;
				GCC_WARN_UNUSED_FUNCTION = YES;
				GCC_WARN_UNUSED_VARIABLE = YES;
				IPHONEOS_DEPLOYMENT_TARGET = 15.5;
				MTL_ENABLE_DEBUG_INFO = NO;
				MTL_FAST_MATH = YES;
				SDKROOT = iphoneos;
				SWIFT_COMPILATION_MODE = wholemodule;
				SWIFT_OPTIMIZATION_LEVEL = "-O";
				VALIDATE_PRODUCT = YES;
			};
			name = Release;
		};
		A98DB8B728A6574C00BF9423 /* Debug */ = {
			isa = XCBuildConfiguration;
			buildSettings = {
				ASSETCATALOG_COMPILER_APPICON_NAME = AppIcon;
				ASSETCATALOG_COMPILER_GLOBAL_ACCENT_COLOR_NAME = AccentColor;
				CODE_SIGN_STYLE = Automatic;
				CURRENT_PROJECT_VERSION = 1;
				GENERATE_INFOPLIST_FILE = YES;
				INFOPLIST_FILE = piscineDay03/Info.plist;
				INFOPLIST_KEY_UIApplicationSupportsIndirectInputEvents = YES;
				INFOPLIST_KEY_UILaunchStoryboardName = LaunchScreen;
				INFOPLIST_KEY_UISupportedInterfaceOrientations_iPad = "UIInterfaceOrientationPortrait UIInterfaceOrientationPortraitUpsideDown UIInterfaceOrientationLandscapeLeft UIInterfaceOrientationLandscapeRight";
				INFOPLIST_KEY_UISupportedInterfaceOrientations_iPhone = "UIInterfaceOrientationPortrait UIInterfaceOrientationLandscapeLeft UIInterfaceOrientationLandscapeRight";
				LD_RUNPATH_SEARCH_PATHS = (
					"$(inherited)",
					"@executable_path/Frameworks",
				);
				MARKETING_VERSION = 1.0;
				PRODUCT_BUNDLE_IDENTIFIER = com.bchelste.piscineDay03;
				PRODUCT_NAME = "$(TARGET_NAME)";
				SWIFT_EMIT_LOC_STRINGS = YES;
				SWIFT_VERSION = 5.0;
				TARGETED_DEVICE_FAMILY = "1,2";
			};
			name = Debug;
		};
		A98DB8B828A6574C00BF9423 /* Release */ = {
			isa = XCBuildConfiguration;
			buildSettings = {
				ASSETCATALOG_COMPILER_APPICON_NAME = AppIcon;
				ASSETCATALOG_COMPILER_GLOBAL_ACCENT_COLOR_NAME = AccentColor;
				CODE_SIGN_STYLE = Automatic;
				CURRENT_PROJECT_VERSION = 1;
				GENERATE_INFOPLIST_FILE = YES;
				INFOPLIST_FILE = piscineDay03/Info.plist;
				INFOPLIST_KEY_UIApplicationSupportsIndirectInputEvents = YES;
				INFOPLIST_KEY_UILaunchStoryboardName = LaunchScreen;
				INFOPLIST_KEY_UISupportedInterfaceOrientations_iPad = "UIInterfaceOrientationPortrait UIInterfaceOrientationPortraitUpsideDown UIInterfaceOrientationLandscapeLeft UIInterfaceOrientationLandscapeRight";
				INFOPLIST_KEY_UISupportedInterfaceOrientations_iPhone = "UIInterfaceOrientationPortrait UIInterfaceOrientationLandscapeLeft UIInterfaceOrientationLandscapeRight";
				LD_RUNPATH_SEARCH_PATHS = (
					"$(inherited)",
					"@executable_path/Frameworks",
				);
				MARKETING_VERSION = 1.0;
				PRODUCT_BUNDLE_IDENTIFIER = com.bchelste.piscineDay03;
				PRODUCT_NAME = "$(TARGET_NAME)";
				SWIFT_EMIT_LOC_STRINGS = YES;
				SWIFT_VERSION = 5.0;
				TARGETED_DEVICE_FAMILY = "1,2";
			};
			name = Release;
		};
/* End XCBuildConfiguration section */

/* Begin XCConfigurationList section */
		A98DB89D28A6574A00BF9423 /* Build configuration list for PBXProject "piscineDay03" */ = {
			isa = XCConfigurationList;
			buildConfigurations = (
				A98DB8B428A6574C00BF9423 /* Debug */,
				A98DB8B528A6574C00BF9423 /* Release */,
			);
			defaultConfigurationIsVisible = 0;
			defaultConfigurationName = Release;
		};
		A98DB8B628A6574C00BF9423 /* Build configuration list for PBXNativeTarget "piscineDay03" */ = {
			isa = XCConfigurationList;
			buildConfigurations = (
				A98DB8B728A6574C00BF9423 /* Debug */,
				A98DB8B828A6574C00BF9423 /* Release */,
			);
			defaultConfigurationIsVisible = 0;
			defaultConfigurationName = Release;
		};
/* End XCConfigurationList section */
	};
	rootObject = A98DB89A28A6574A00BF9423 /* Project object */;
}
